
Microsoft Visual Studio Solution File, Format Version 12.00
# Visual Studio 15
VisualStudioVersion = 15.0.28307.168
MinimumVisualStudioVersion = 10.0.40219.1
Project("{FAE04EC0-301F-11D3-BF4B-00C04F79EFBC}") = "Bots", "Bots\Bots.csproj", "{F24AEEDA-3E66-4B33-A86E-5E8E84382FFC}"
EndProject
Global
	GlobalSection(SolutionConfigurationPlatforms) = preSolution
		Debug|Any CPU = Debug|Any CPU
		Release|Any CPU = Release|Any CPU
	EndGlobalSection
	GlobalSection(ProjectConfigurationPlatforms) = postSolution
		{F24AEEDA-3E66-4B33-A86E-5E8E84382FFC}.Debug|Any CPU.ActiveCfg = Debug|Any CPU
		{F24AEEDA-3E66-4B33-A86E-5E8E84382FFC}.Debug|Any CPU.Build.0 = Debug|Any CPU
		{F24AEEDA-3E66-4B33-A86E-5E8E84382FFC}.Release|Any CPU.ActiveCfg = Release|Any CPU
		{F24AEEDA-3E66-4B33-A86E-5E8E84382FFC}.Release|Any CPU.Build.0 = Release|Any CPU
	EndGlobalSection
	GlobalSection(SolutionProperties) = preSolution
		HideSolutionNode = FALSE
	EndGlobalSection
	GlobalSection(ExtensibilityGlobals) = postSolution
		SolutionGuid = {6B0CDB3F-23FC-44F8-BD21-F332D5EA8CF5}
	EndGlobalSection
EndGlobal
